
Microsoft Visual Studio Solution File, Format Version 12.00
# Visual Studio Version 16
VisualStudioVersion = 16.0.30114.105
MinimumVisualStudioVersion = 10.0.40219.1
Project("{2150E333-8FDC-42A3-9474-1A3956D46DE8}") = "src", "src", "{EF53EBEA-E441-4D02-A90A-A7C46CE6AA1E}"
EndProject
Project("{FAE04EC0-301F-11D3-BF4B-00C04F79EFBC}") = "FancyWebsite.Web", "src\FancyWebsite.Web\FancyWebsite.Web.csproj", "{129E0BB3-67C7-485F-B68F-E4A297D7F707}"
EndProject
Project("{2150E333-8FDC-42A3-9474-1A3956D46DE8}") = "Modules", "Modules", "{000DAED9-B5F1-4DB6-B86C-E26CF744287B}"
EndProject
Project("{FAE04EC0-301F-11D3-BF4B-00C04F79EFBC}") = "FancyWebsite.Core", "src\Modules\FancyWebsite.Core\FancyWebsite.Core.csproj", "{F8DEBB9D-89C8-41F9-9FF2-4A9F264072D9}"
EndProject
Project("{2150E333-8FDC-42A3-9474-1A3956D46DE8}") = "Themes", "Themes", "{40A3E6C5-934A-42D7-9F1F-A11D3B4ED693}"
EndProject
Project("{FAE04EC0-301F-11D3-BF4B-00C04F79EFBC}") = "FancyWebsite.Theme", "src\Themes\FancyWebsite.Theme\FancyWebsite.Theme.csproj", "{CE189A76-E533-4736-BF1C-AA8BEE3E1B94}"
EndProject
Global
	GlobalSection(SolutionConfigurationPlatforms) = preSolution
		Debug|Any CPU = Debug|Any CPU
		Debug|x64 = Debug|x64
		Debug|x86 = Debug|x86
		Release|Any CPU = Release|Any CPU
		Release|x64 = Release|x64
		Release|x86 = Release|x86
	EndGlobalSection
	GlobalSection(SolutionProperties) = preSolution
		HideSolutionNode = FALSE
	EndGlobalSection
	GlobalSection(ProjectConfigurationPlatforms) = postSolution
		{129E0BB3-67C7-485F-B68F-E4A297D7F707}.Debug|Any CPU.ActiveCfg = Debug|Any CPU
		{129E0BB3-67C7-485F-B68F-E4A297D7F707}.Debug|Any CPU.Build.0 = Debug|Any CPU
		{129E0BB3-67C7-485F-B68F-E4A297D7F707}.Debug|x64.ActiveCfg = Debug|Any CPU
		{129E0BB3-67C7-485F-B68F-E4A297D7F707}.Debug|x64.Build.0 = Debug|Any CPU
		{129E0BB3-67C7-485F-B68F-E4A297D7F707}.Debug|x86.ActiveCfg = Debug|Any CPU
		{129E0BB3-67C7-485F-B68F-E4A297D7F707}.Debug|x86.Build.0 = Debug|Any CPU
		{129E0BB3-67C7-485F-B68F-E4A297D7F707}.Release|Any CPU.ActiveCfg = Release|Any CPU
		{129E0BB3-67C7-485F-B68F-E4A297D7F707}.Release|Any CPU.Build.0 = Release|Any CPU
		{129E0BB3-67C7-485F-B68F-E4A297D7F707}.Release|x64.ActiveCfg = Release|Any CPU
		{129E0BB3-67C7-485F-B68F-E4A297D7F707}.Release|x64.Build.0 = Release|Any CPU
		{129E0BB3-67C7-485F-B68F-E4A297D7F707}.Release|x86.ActiveCfg = Release|Any CPU
		{129E0BB3-67C7-485F-B68F-E4A297D7F707}.Release|x86.Build.0 = Release|Any CPU
		{F8DEBB9D-89C8-41F9-9FF2-4A9F264072D9}.Debug|Any CPU.ActiveCfg = Debug|Any CPU
		{F8DEBB9D-89C8-41F9-9FF2-4A9F264072D9}.Debug|Any CPU.Build.0 = Debug|Any CPU
		{F8DEBB9D-89C8-41F9-9FF2-4A9F264072D9}.Debug|x64.ActiveCfg = Debug|Any CPU
		{F8DEBB9D-89C8-41F9-9FF2-4A9F264072D9}.Debug|x64.Build.0 = Debug|Any CPU
		{F8DEBB9D-89C8-41F9-9FF2-4A9F264072D9}.Debug|x86.ActiveCfg = Debug|Any CPU
		{F8DEBB9D-89C8-41F9-9FF2-4A9F264072D9}.Debug|x86.Build.0 = Debug|Any CPU
		{F8DEBB9D-89C8-41F9-9FF2-4A9F264072D9}.Release|Any CPU.ActiveCfg = Release|Any CPU
		{F8DEBB9D-89C8-41F9-9FF2-4A9F264072D9}.Release|Any CPU.Build.0 = Release|Any CPU
		{F8DEBB9D-89C8-41F9-9FF2-4A9F264072D9}.Release|x64.ActiveCfg = Release|Any CPU
		{F8DEBB9D-89C8-41F9-9FF2-4A9F264072D9}.Release|x64.Build.0 = Release|Any CPU
		{F8DEBB9D-89C8-41F9-9FF2-4A9F264072D9}.Release|x86.ActiveCfg = Release|Any CPU
		{F8DEBB9D-89C8-41F9-9FF2-4A9F264072D9}.Release|x86.Build.0 = Release|Any CPU
		{CE189A76-E533-4736-BF1C-AA8BEE3E1B94}.Debug|Any CPU.ActiveCfg = Debug|Any CPU
		{CE189A76-E533-4736-BF1C-AA8BEE3E1B94}.Debug|Any CPU.Build.0 = Debug|Any CPU
		{CE189A76-E533-4736-BF1C-AA8BEE3E1B94}.Debug|x64.ActiveCfg = Debug|Any CPU
		{CE189A76-E533-4736-BF1C-AA8BEE3E1B94}.Debug|x64.Build.0 = Debug|Any CPU
		{CE189A76-E533-4736-BF1C-AA8BEE3E1B94}.Debug|x86.ActiveCfg = Debug|Any CPU
		{CE189A76-E533-4736-BF1C-AA8BEE3E1B94}.Debug|x86.Build.0 = Debug|Any CPU
		{CE189A76-E533-4736-BF1C-AA8BEE3E1B94}.Release|Any CPU.ActiveCfg = Release|Any CPU
		{CE189A76-E533-4736-BF1C-AA8BEE3E1B94}.Release|Any CPU.Build.0 = Release|Any CPU
		{CE189A76-E533-4736-BF1C-AA8BEE3E1B94}.Release|x64.ActiveCfg = Release|Any CPU
		{CE189A76-E533-4736-BF1C-AA8BEE3E1B94}.Release|x64.Build.0 = Release|Any CPU
		{CE189A76-E533-4736-BF1C-AA8BEE3E1B94}.Release|x86.ActiveCfg = Release|Any CPU
		{CE189A76-E533-4736-BF1C-AA8BEE3E1B94}.Release|x86.Build.0 = Release|Any CPU
	EndGlobalSection
	GlobalSection(NestedProjects) = preSolution
		{129E0BB3-67C7-485F-B68F-E4A297D7F707} = {EF53EBEA-E441-4D02-A90A-A7C46CE6AA1E}
		{000DAED9-B5F1-4DB6-B86C-E26CF744287B} = {EF53EBEA-E441-4D02-A90A-A7C46CE6AA1E}
		{F8DEBB9D-89C8-41F9-9FF2-4A9F264072D9} = {000DAED9-B5F1-4DB6-B86C-E26CF744287B}
		{40A3E6C5-934A-42D7-9F1F-A11D3B4ED693} = {EF53EBEA-E441-4D02-A90A-A7C46CE6AA1E}
		{CE189A76-E533-4736-BF1C-AA8BEE3E1B94} = {40A3E6C5-934A-42D7-9F1F-A11D3B4ED693}
	EndGlobalSection
EndGlobal
